
Microsoft Visual Studio Solution File, Format Version 12.00
# Visual Studio 15
VisualStudioVersion = 15.0.28307.329
MinimumVisualStudioVersion = 10.0.40219.1
Project("{FAE04EC0-301F-11D3-BF4B-00C04F79EFBC}") = "AccountOwnerServer", "AccountOwnerServer\AccountOwnerServer.csproj", "{5F68EEE1-BB58-45E2-8684-D3C56B88AD46}"
EndProject
Project("{FAE04EC0-301F-11D3-BF4B-00C04F79EFBC}") = "Contracts", "Contracts\Contracts.csproj", "{13AE05EB-043F-4338-8BE2-77765BC2EF8E}"
EndProject
Project("{FAE04EC0-301F-11D3-BF4B-00C04F79EFBC}") = "LoggerService", "LoggerService\LoggerService.csproj", "{C9C8AD60-714D-4F07-9CA6-4FCE8AD3A800}"
EndProject
Project("{FAE04EC0-301F-11D3-BF4B-00C04F79EFBC}") = "Entities", "Entities\Entities.csproj", "{03D7339E-4B0E-4717-993A-00994BE2CEEE}"
EndProject
Project("{FAE04EC0-301F-11D3-BF4B-00C04F79EFBC}") = "Repository", "Repository\Repository.csproj", "{B5A6FCC9-BE20-4B7C-9A33-5B73C6D5852D}"
EndProject
Global
	GlobalSection(SolutionConfigurationPlatforms) = preSolution
		Debug|Any CPU = Debug|Any CPU
		Release|Any CPU = Release|Any CPU
	EndGlobalSection
	GlobalSection(ProjectConfigurationPlatforms) = postSolution
		{5F68EEE1-BB58-45E2-8684-D3C56B88AD46}.Debug|Any CPU.ActiveCfg = Debug|Any CPU
		{5F68EEE1-BB58-45E2-8684-D3C56B88AD46}.Debug|Any CPU.Build.0 = Debug|Any CPU
		{5F68EEE1-BB58-45E2-8684-D3C56B88AD46}.Release|Any CPU.ActiveCfg = Release|Any CPU
		{5F68EEE1-BB58-45E2-8684-D3C56B88AD46}.Release|Any CPU.Build.0 = Release|Any CPU
		{13AE05EB-043F-4338-8BE2-77765BC2EF8E}.Debug|Any CPU.ActiveCfg = Debug|Any CPU
		{13AE05EB-043F-4338-8BE2-77765BC2EF8E}.Debug|Any CPU.Build.0 = Debug|Any CPU
		{13AE05EB-043F-4338-8BE2-77765BC2EF8E}.Release|Any CPU.ActiveCfg = Release|Any CPU
		{13AE05EB-043F-4338-8BE2-77765BC2EF8E}.Release|Any CPU.Build.0 = Release|Any CPU
		{C9C8AD60-714D-4F07-9CA6-4FCE8AD3A800}.Debug|Any CPU.ActiveCfg = Debug|Any CPU
		{C9C8AD60-714D-4F07-9CA6-4FCE8AD3A800}.Debug|Any CPU.Build.0 = Debug|Any CPU
		{C9C8AD60-714D-4F07-9CA6-4FCE8AD3A800}.Release|Any CPU.ActiveCfg = Release|Any CPU
		{C9C8AD60-714D-4F07-9CA6-4FCE8AD3A800}.Release|Any CPU.Build.0 = Release|Any CPU
		{03D7339E-4B0E-4717-993A-00994BE2CEEE}.Debug|Any CPU.ActiveCfg = Debug|Any CPU
		{03D7339E-4B0E-4717-993A-00994BE2CEEE}.Debug|Any CPU.Build.0 = Debug|Any CPU
		{03D7339E-4B0E-4717-993A-00994BE2CEEE}.Release|Any CPU.ActiveCfg = Release|Any CPU
		{03D7339E-4B0E-4717-993A-00994BE2CEEE}.Release|Any CPU.Build.0 = Release|Any CPU
		{B5A6FCC9-BE20-4B7C-9A33-5B73C6D5852D}.Debug|Any CPU.ActiveCfg = Debug|Any CPU
		{B5A6FCC9-BE20-4B7C-9A33-5B73C6D5852D}.Debug|Any CPU.Build.0 = Debug|Any CPU
		{B5A6FCC9-BE20-4B7C-9A33-5B73C6D5852D}.Release|Any CPU.ActiveCfg = Release|Any CPU
		{B5A6FCC9-BE20-4B7C-9A33-5B73C6D5852D}.Release|Any CPU.Build.0 = Release|Any CPU
	EndGlobalSection
	GlobalSection(SolutionProperties) = preSolution
		HideSolutionNode = FALSE
	EndGlobalSection
	GlobalSection(ExtensibilityGlobals) = postSolution
		SolutionGuid = {3D633E32-9A38-49BF-93C0-3AC284737392}
	EndGlobalSection
EndGlobal
